
Microsoft Visual Studio Solution File, Format Version 12.00
# Visual Studio 14
VisualStudioVersion = 14.0.25420.1
MinimumVisualStudioVersion = 10.0.40219.1
Project("{FAE04EC0-301F-11D3-BF4B-00C04F79EFBC}") = "XamarinAzure.Mobile", "XamarinAzure.Mobile\XamarinAzure.Mobile\XamarinAzure.Mobile.csproj", "{18044331-C5FF-4B64-8D11-F2F4127A1D60}"
EndProject
Project("{FAE04EC0-301F-11D3-BF4B-00C04F79EFBC}") = "XamarinAzure.Mobile.Droid", "XamarinAzure.Mobile\XamarinAzure.Mobile.Droid\XamarinAzure.Mobile.Droid.csproj", "{496AE0A8-4275-4DEA-9825-2EEFDCA6C2A1}"
EndProject
Project("{FAE04EC0-301F-11D3-BF4B-00C04F79EFBC}") = "XamarinAzure.Mobile.iOS", "XamarinAzure.Mobile\XamarinAzure.Mobile.iOS\XamarinAzure.Mobile.iOS.csproj", "{BA9E8A76-88DB-4CFA-A14E-1D7C9FC78B65}"
EndProject
Project("{FAE04EC0-301F-11D3-BF4B-00C04F79EFBC}") = "XamarinAzure.Mobile.WinPhone", "XamarinAzure.Mobile\XamarinAzure.Mobile.WinPhone\XamarinAzure.Mobile.WinPhone.csproj", "{7DC33B1C-B2A4-4B7F-B8E5-B6CC2AF55F52}"
EndProject
Project("{FAE04EC0-301F-11D3-BF4B-00C04F79EFBC}") = "XamarinAzure.Mobile.UWP", "XamarinAzure.Mobile\XamarinAzure.Mobile.UWP\XamarinAzure.Mobile.UWP.csproj", "{1C9DA42B-5D64-4686-8DFC-E1B48B4FE851}"
EndProject
Project("{FAE04EC0-301F-11D3-BF4B-00C04F79EFBC}") = "XamarinAzure.Mobile.Windows", "XamarinAzure.Mobile\XamarinAzure.Mobile.Windows\XamarinAzure.Mobile.Windows.csproj", "{1F0A30A0-EE40-4EC6-BFDF-7CA96334BE24}"
EndProject
Project("{FAE04EC0-301F-11D3-BF4B-00C04F79EFBC}") = "XamarinAzure.Backend", "XamarinAzure.Backend\XamarinAzure.Backend.csproj", "{817AC969-8040-43E7-88C1-215CCFF688A7}"
EndProject
Project("{FAE04EC0-301F-11D3-BF4B-00C04F79EFBC}") = "XamarinAzure.Backend.Tests", "XamarinAzure.Backend.Tests\XamarinAzure.Backend.Tests.csproj", "{8E252D0C-CA53-47F9-AD4E-C4F7A1DE80D5}"
EndProject
Project("{2150E333-8FDC-42A3-9474-1A3956D46DE8}") = "1 - Backend", "1 - Backend", "{B5D95564-3EAE-445D-8958-4F3111B99E76}"
EndProject
Project("{2150E333-8FDC-42A3-9474-1A3956D46DE8}") = "2 - Presentation", "2 - Presentation", "{831DF85E-FFBD-4DF2-980F-FBB7F4398C24}"
EndProject
Project("{2150E333-8FDC-42A3-9474-1A3956D46DE8}") = "2.1 - Mobile", "2.1 - Mobile", "{C78A5087-19C7-46F2-BBD3-C6DF1CC64194}"
EndProject
Global
	GlobalSection(SolutionConfigurationPlatforms) = preSolution
		Ad-Hoc|Any CPU = Ad-Hoc|Any CPU
		Ad-Hoc|ARM = Ad-Hoc|ARM
		Ad-Hoc|iPhone = Ad-Hoc|iPhone
		Ad-Hoc|iPhoneSimulator = Ad-Hoc|iPhoneSimulator
		Ad-Hoc|x64 = Ad-Hoc|x64
		Ad-Hoc|x86 = Ad-Hoc|x86
		AppStore|Any CPU = AppStore|Any CPU
		AppStore|ARM = AppStore|ARM
		AppStore|iPhone = AppStore|iPhone
		AppStore|iPhoneSimulator = AppStore|iPhoneSimulator
		AppStore|x64 = AppStore|x64
		AppStore|x86 = AppStore|x86
		Debug|Any CPU = Debug|Any CPU
		Debug|ARM = Debug|ARM
		Debug|iPhone = Debug|iPhone
		Debug|iPhoneSimulator = Debug|iPhoneSimulator
		Debug|x64 = Debug|x64
		Debug|x86 = Debug|x86
		Release|Any CPU = Release|Any CPU
		Release|ARM = Release|ARM
		Release|iPhone = Release|iPhone
		Release|iPhoneSimulator = Release|iPhoneSimulator
		Release|x64 = Release|x64
		Release|x86 = Release|x86
	EndGlobalSection
	GlobalSection(ProjectConfigurationPlatforms) = postSolution
		{18044331-C5FF-4B64-8D11-F2F4127A1D60}.Ad-Hoc|Any CPU.ActiveCfg = Release|Any CPU
		{18044331-C5FF-4B64-8D11-F2F4127A1D60}.Ad-Hoc|Any CPU.Build.0 = Release|Any CPU
		{18044331-C5FF-4B64-8D11-F2F4127A1D60}.Ad-Hoc|ARM.ActiveCfg = Release|Any CPU
		{18044331-C5FF-4B64-8D11-F2F4127A1D60}.Ad-Hoc|ARM.Build.0 = Release|Any CPU
		{18044331-C5FF-4B64-8D11-F2F4127A1D60}.Ad-Hoc|iPhone.ActiveCfg = Release|Any CPU
		{18044331-C5FF-4B64-8D11-F2F4127A1D60}.Ad-Hoc|iPhone.Build.0 = Release|Any CPU
		{18044331-C5FF-4B64-8D11-F2F4127A1D60}.Ad-Hoc|iPhoneSimulator.ActiveCfg = Release|Any CPU
		{18044331-C5FF-4B64-8D11-F2F4127A1D60}.Ad-Hoc|iPhoneSimulator.Build.0 = Release|Any CPU
		{18044331-C5FF-4B64-8D11-F2F4127A1D60}.Ad-Hoc|x64.ActiveCfg = Release|Any CPU
		{18044331-C5FF-4B64-8D11-F2F4127A1D60}.Ad-Hoc|x64.Build.0 = Release|Any CPU
		{18044331-C5FF-4B64-8D11-F2F4127A1D60}.Ad-Hoc|x86.ActiveCfg = Release|Any CPU
		{18044331-C5FF-4B64-8D11-F2F4127A1D60}.Ad-Hoc|x86.Build.0 = Release|Any CPU
		{18044331-C5FF-4B64-8D11-F2F4127A1D60}.AppStore|Any CPU.ActiveCfg = Release|Any CPU
		{18044331-C5FF-4B64-8D11-F2F4127A1D60}.AppStore|Any CPU.Build.0 = Release|Any CPU
		{18044331-C5FF-4B64-8D11-F2F4127A1D60}.AppStore|ARM.ActiveCfg = Release|Any CPU
		{18044331-C5FF-4B64-8D11-F2F4127A1D60}.AppStore|ARM.Build.0 = Release|Any CPU
		{18044331-C5FF-4B64-8D11-F2F4127A1D60}.AppStore|iPhone.ActiveCfg = Release|Any CPU
		{18044331-C5FF-4B64-8D11-F2F4127A1D60}.AppStore|iPhone.Build.0 = Release|Any CPU
		{18044331-C5FF-4B64-8D11-F2F4127A1D60}.AppStore|iPhoneSimulator.ActiveCfg = Release|Any CPU
		{18044331-C5FF-4B64-8D11-F2F4127A1D60}.AppStore|iPhoneSimulator.Build.0 = Release|Any CPU
		{18044331-C5FF-4B64-8D11-F2F4127A1D60}.AppStore|x64.ActiveCfg = Release|Any CPU
		{18044331-C5FF-4B64-8D11-F2F4127A1D60}.AppStore|x64.Build.0 = Release|Any CPU
		{18044331-C5FF-4B64-8D11-F2F4127A1D60}.AppStore|x86.ActiveCfg = Release|Any CPU
		{18044331-C5FF-4B64-8D11-F2F4127A1D60}.AppStore|x86.Build.0 = Release|Any CPU
		{18044331-C5FF-4B64-8D11-F2F4127A1D60}.Debug|Any CPU.ActiveCfg = Debug|Any CPU
		{18044331-C5FF-4B64-8D11-F2F4127A1D60}.Debug|Any CPU.Build.0 = Debug|Any CPU
		{18044331-C5FF-4B64-8D11-F2F4127A1D60}.Debug|ARM.ActiveCfg = Debug|Any CPU
		{18044331-C5FF-4B64-8D11-F2F4127A1D60}.Debug|ARM.Build.0 = Debug|Any CPU
		{18044331-C5FF-4B64-8D11-F2F4127A1D60}.Debug|iPhone.ActiveCfg = Debug|Any CPU
		{18044331-C5FF-4B64-8D11-F2F4127A1D60}.Debug|iPhone.Build.0 = Debug|Any CPU
		{18044331-C5FF-4B64-8D11-F2F4127A1D60}.Debug|iPhoneSimulator.ActiveCfg = Debug|Any CPU
		{18044331-C5FF-4B64-8D11-F2F4127A1D60}.Debug|iPhoneSimulator.Build.0 = Debug|Any CPU
		{18044331-C5FF-4B64-8D11-F2F4127A1D60}.Debug|x64.ActiveCfg = Debug|Any CPU
		{18044331-C5FF-4B64-8D11-F2F4127A1D60}.Debug|x64.Build.0 = Debug|Any CPU
		{18044331-C5FF-4B64-8D11-F2F4127A1D60}.Debug|x86.ActiveCfg = Debug|Any CPU
		{18044331-C5FF-4B64-8D11-F2F4127A1D60}.Debug|x86.Build.0 = Debug|Any CPU
		{18044331-C5FF-4B64-8D11-F2F4127A1D60}.Release|Any CPU.ActiveCfg = Release|Any CPU
		{18044331-C5FF-4B64-8D11-F2F4127A1D60}.Release|Any CPU.Build.0 = Release|Any CPU
		{18044331-C5FF-4B64-8D11-F2F4127A1D60}.Release|ARM.ActiveCfg = Release|Any CPU
		{18044331-C5FF-4B64-8D11-F2F4127A1D60}.Release|ARM.Build.0 = Release|Any CPU
		{18044331-C5FF-4B64-8D11-F2F4127A1D60}.Release|iPhone.ActiveCfg = Release|Any CPU
		{18044331-C5FF-4B64-8D11-F2F4127A1D60}.Release|iPhone.Build.0 = Release|Any CPU
		{18044331-C5FF-4B64-8D11-F2F4127A1D60}.Release|iPhoneSimulator.ActiveCfg = Release|Any CPU
		{18044331-C5FF-4B64-8D11-F2F4127A1D60}.Release|iPhoneSimulator.Build.0 = Release|Any CPU
		{18044331-C5FF-4B64-8D11-F2F4127A1D60}.Release|x64.ActiveCfg = Release|Any CPU
		{18044331-C5FF-4B64-8D11-F2F4127A1D60}.Release|x64.Build.0 = Release|Any CPU
		{18044331-C5FF-4B64-8D11-F2F4127A1D60}.Release|x86.ActiveCfg = Release|Any CPU
		{18044331-C5FF-4B64-8D11-F2F4127A1D60}.Release|x86.Build.0 = Release|Any CPU
		{496AE0A8-4275-4DEA-9825-2EEFDCA6C2A1}.Ad-Hoc|Any CPU.ActiveCfg = Release|Any CPU
		{496AE0A8-4275-4DEA-9825-2EEFDCA6C2A1}.Ad-Hoc|Any CPU.Build.0 = Release|Any CPU
		{496AE0A8-4275-4DEA-9825-2EEFDCA6C2A1}.Ad-Hoc|Any CPU.Deploy.0 = Release|Any CPU
		{496AE0A8-4275-4DEA-9825-2EEFDCA6C2A1}.Ad-Hoc|ARM.ActiveCfg = Release|Any CPU
		{496AE0A8-4275-4DEA-9825-2EEFDCA6C2A1}.Ad-Hoc|ARM.Build.0 = Release|Any CPU
		{496AE0A8-4275-4DEA-9825-2EEFDCA6C2A1}.Ad-Hoc|ARM.Deploy.0 = Release|Any CPU
		{496AE0A8-4275-4DEA-9825-2EEFDCA6C2A1}.Ad-Hoc|iPhone.ActiveCfg = Release|Any CPU
		{496AE0A8-4275-4DEA-9825-2EEFDCA6C2A1}.Ad-Hoc|iPhone.Build.0 = Release|Any CPU
		{496AE0A8-4275-4DEA-9825-2EEFDCA6C2A1}.Ad-Hoc|iPhone.Deploy.0 = Release|Any CPU
		{496AE0A8-4275-4DEA-9825-2EEFDCA6C2A1}.Ad-Hoc|iPhoneSimulator.ActiveCfg = Release|Any CPU
		{496AE0A8-4275-4DEA-9825-2EEFDCA6C2A1}.Ad-Hoc|iPhoneSimulator.Build.0 = Release|Any CPU
		{496AE0A8-4275-4DEA-9825-2EEFDCA6C2A1}.Ad-Hoc|iPhoneSimulator.Deploy.0 = Release|Any CPU
		{496AE0A8-4275-4DEA-9825-2EEFDCA6C2A1}.Ad-Hoc|x64.ActiveCfg = Release|Any CPU
		{496AE0A8-4275-4DEA-9825-2EEFDCA6C2A1}.Ad-Hoc|x64.Build.0 = Release|Any CPU
		{496AE0A8-4275-4DEA-9825-2EEFDCA6C2A1}.Ad-Hoc|x64.Deploy.0 = Release|Any CPU
		{496AE0A8-4275-4DEA-9825-2EEFDCA6C2A1}.Ad-Hoc|x86.ActiveCfg = Release|Any CPU
		{496AE0A8-4275-4DEA-9825-2EEFDCA6C2A1}.Ad-Hoc|x86.Build.0 = Release|Any CPU
		{496AE0A8-4275-4DEA-9825-2EEFDCA6C2A1}.Ad-Hoc|x86.Deploy.0 = Release|Any CPU
		{496AE0A8-4275-4DEA-9825-2EEFDCA6C2A1}.AppStore|Any CPU.ActiveCfg = Release|Any CPU
		{496AE0A8-4275-4DEA-9825-2EEFDCA6C2A1}.AppStore|Any CPU.Build.0 = Release|Any CPU
		{496AE0A8-4275-4DEA-9825-2EEFDCA6C2A1}.AppStore|Any CPU.Deploy.0 = Release|Any CPU
		{496AE0A8-4275-4DEA-9825-2EEFDCA6C2A1}.AppStore|ARM.ActiveCfg = Release|Any CPU
		{496AE0A8-4275-4DEA-9825-2EEFDCA6C2A1}.AppStore|ARM.Build.0 = Release|Any CPU
		{496AE0A8-4275-4DEA-9825-2EEFDCA6C2A1}.AppStore|ARM.Deploy.0 = Release|Any CPU
		{496AE0A8-4275-4DEA-9825-2EEFDCA6C2A1}.AppStore|iPhone.ActiveCfg = Release|Any CPU
		{496AE0A8-4275-4DEA-9825-2EEFDCA6C2A1}.AppStore|iPhone.Build.0 = Release|Any CPU
		{496AE0A8-4275-4DEA-9825-2EEFDCA6C2A1}.AppStore|iPhone.Deploy.0 = Release|Any CPU
		{496AE0A8-4275-4DEA-9825-2EEFDCA6C2A1}.AppStore|iPhoneSimulator.ActiveCfg = Release|Any CPU
		{496AE0A8-4275-4DEA-9825-2EEFDCA6C2A1}.AppStore|iPhoneSimulator.Build.0 = Release|Any CPU
		{496AE0A8-4275-4DEA-9825-2EEFDCA6C2A1}.AppStore|iPhoneSimulator.Deploy.0 = Release|Any CPU
		{496AE0A8-4275-4DEA-9825-2EEFDCA6C2A1}.AppStore|x64.ActiveCfg = Release|Any CPU
		{496AE0A8-4275-4DEA-9825-2EEFDCA6C2A1}.AppStore|x64.Build.0 = Release|Any CPU
		{496AE0A8-4275-4DEA-9825-2EEFDCA6C2A1}.AppStore|x64.Deploy.0 = Release|Any CPU
		{496AE0A8-4275-4DEA-9825-2EEFDCA6C2A1}.AppStore|x86.ActiveCfg = Release|Any CPU
		{496AE0A8-4275-4DEA-9825-2EEFDCA6C2A1}.AppStore|x86.Build.0 = Release|Any CPU
		{496AE0A8-4275-4DEA-9825-2EEFDCA6C2A1}.AppStore|x86.Deploy.0 = Release|Any CPU
		{496AE0A8-4275-4DEA-9825-2EEFDCA6C2A1}.Debug|Any CPU.ActiveCfg = Debug|Any CPU
		{496AE0A8-4275-4DEA-9825-2EEFDCA6C2A1}.Debug|Any CPU.Build.0 = Debug|Any CPU
		{496AE0A8-4275-4DEA-9825-2EEFDCA6C2A1}.Debug|Any CPU.Deploy.0 = Debug|Any CPU
		{496AE0A8-4275-4DEA-9825-2EEFDCA6C2A1}.Debug|ARM.ActiveCfg = Debug|Any CPU
		{496AE0A8-4275-4DEA-9825-2EEFDCA6C2A1}.Debug|ARM.Build.0 = Debug|Any CPU
		{496AE0A8-4275-4DEA-9825-2EEFDCA6C2A1}.Debug|ARM.Deploy.0 = Debug|Any CPU
		{496AE0A8-4275-4DEA-9825-2EEFDCA6C2A1}.Debug|iPhone.ActiveCfg = Debug|Any CPU
		{496AE0A8-4275-4DEA-9825-2EEFDCA6C2A1}.Debug|iPhone.Build.0 = Debug|Any CPU
		{496AE0A8-4275-4DEA-9825-2EEFDCA6C2A1}.Debug|iPhone.Deploy.0 = Debug|Any CPU
		{496AE0A8-4275-4DEA-9825-2EEFDCA6C2A1}.Debug|iPhoneSimulator.ActiveCfg = Debug|Any CPU
		{496AE0A8-4275-4DEA-9825-2EEFDCA6C2A1}.Debug|iPhoneSimulator.Build.0 = Debug|Any CPU
		{496AE0A8-4275-4DEA-9825-2EEFDCA6C2A1}.Debug|iPhoneSimulator.Deploy.0 = Debug|Any CPU
		{496AE0A8-4275-4DEA-9825-2EEFDCA6C2A1}.Debug|x64.ActiveCfg = Debug|Any CPU
		{496AE0A8-4275-4DEA-9825-2EEFDCA6C2A1}.Debug|x64.Build.0 = Debug|Any CPU
		{496AE0A8-4275-4DEA-9825-2EEFDCA6C2A1}.Debug|x64.Deploy.0 = Debug|Any CPU
		{496AE0A8-4275-4DEA-9825-2EEFDCA6C2A1}.Debug|x86.ActiveCfg = Debug|Any CPU
		{496AE0A8-4275-4DEA-9825-2EEFDCA6C2A1}.Debug|x86.Build.0 = Debug|Any CPU
		{496AE0A8-4275-4DEA-9825-2EEFDCA6C2A1}.Debug|x86.Deploy.0 = Debug|Any CPU
		{496AE0A8-4275-4DEA-9825-2EEFDCA6C2A1}.Release|Any CPU.ActiveCfg = Release|Any CPU
		{496AE0A8-4275-4DEA-9825-2EEFDCA6C2A1}.Release|Any CPU.Build.0 = Release|Any CPU
		{496AE0A8-4275-4DEA-9825-2EEFDCA6C2A1}.Release|Any CPU.Deploy.0 = Release|Any CPU
		{496AE0A8-4275-4DEA-9825-2EEFDCA6C2A1}.Release|ARM.ActiveCfg = Release|Any CPU
		{496AE0A8-4275-4DEA-9825-2EEFDCA6C2A1}.Release|ARM.Build.0 = Release|Any CPU
		{496AE0A8-4275-4DEA-9825-2EEFDCA6C2A1}.Release|ARM.Deploy.0 = Release|Any CPU
		{496AE0A8-4275-4DEA-9825-2EEFDCA6C2A1}.Release|iPhone.ActiveCfg = Release|Any CPU
		{496AE0A8-4275-4DEA-9825-2EEFDCA6C2A1}.Release|iPhone.Build.0 = Release|Any CPU
		{496AE0A8-4275-4DEA-9825-2EEFDCA6C2A1}.Release|iPhone.Deploy.0 = Release|Any CPU
		{496AE0A8-4275-4DEA-9825-2EEFDCA6C2A1}.Release|iPhoneSimulator.ActiveCfg = Release|Any CPU
		{496AE0A8-4275-4DEA-9825-2EEFDCA6C2A1}.Release|iPhoneSimulator.Build.0 = Release|Any CPU
		{496AE0A8-4275-4DEA-9825-2EEFDCA6C2A1}.Release|iPhoneSimulator.Deploy.0 = Release|Any CPU
		{496AE0A8-4275-4DEA-9825-2EEFDCA6C2A1}.Release|x64.ActiveCfg = Release|Any CPU
		{496AE0A8-4275-4DEA-9825-2EEFDCA6C2A1}.Release|x64.Build.0 = Release|Any CPU
		{496AE0A8-4275-4DEA-9825-2EEFDCA6C2A1}.Release|x64.Deploy.0 = Release|Any CPU
		{496AE0A8-4275-4DEA-9825-2EEFDCA6C2A1}.Release|x86.ActiveCfg = Release|Any CPU
		{496AE0A8-4275-4DEA-9825-2EEFDCA6C2A1}.Release|x86.Build.0 = Release|Any CPU
		{496AE0A8-4275-4DEA-9825-2EEFDCA6C2A1}.Release|x86.Deploy.0 = Release|Any CPU
		{BA9E8A76-88DB-4CFA-A14E-1D7C9FC78B65}.Ad-Hoc|Any CPU.ActiveCfg = Ad-Hoc|iPhone
		{BA9E8A76-88DB-4CFA-A14E-1D7C9FC78B65}.Ad-Hoc|ARM.ActiveCfg = Ad-Hoc|iPhone
		{BA9E8A76-88DB-4CFA-A14E-1D7C9FC78B65}.Ad-Hoc|iPhone.ActiveCfg = Ad-Hoc|iPhone
		{BA9E8A76-88DB-4CFA-A14E-1D7C9FC78B65}.Ad-Hoc|iPhone.Build.0 = Ad-Hoc|iPhone
		{BA9E8A76-88DB-4CFA-A14E-1D7C9FC78B65}.Ad-Hoc|iPhoneSimulator.ActiveCfg = Ad-Hoc|iPhoneSimulator
		{BA9E8A76-88DB-4CFA-A14E-1D7C9FC78B65}.Ad-Hoc|iPhoneSimulator.Build.0 = Ad-Hoc|iPhoneSimulator
		{BA9E8A76-88DB-4CFA-A14E-1D7C9FC78B65}.Ad-Hoc|x64.ActiveCfg = Ad-Hoc|iPhone
		{BA9E8A76-88DB-4CFA-A14E-1D7C9FC78B65}.Ad-Hoc|x86.ActiveCfg = Ad-Hoc|iPhone
		{BA9E8A76-88DB-4CFA-A14E-1D7C9FC78B65}.AppStore|Any CPU.ActiveCfg = AppStore|iPhone
		{BA9E8A76-88DB-4CFA-A14E-1D7C9FC78B65}.AppStore|ARM.ActiveCfg = AppStore|iPhone
		{BA9E8A76-88DB-4CFA-A14E-1D7C9FC78B65}.AppStore|iPhone.ActiveCfg = AppStore|iPhone
		{BA9E8A76-88DB-4CFA-A14E-1D7C9FC78B65}.AppStore|iPhone.Build.0 = AppStore|iPhone
		{BA9E8A76-88DB-4CFA-A14E-1D7C9FC78B65}.AppStore|iPhoneSimulator.ActiveCfg = AppStore|iPhoneSimulator
		{BA9E8A76-88DB-4CFA-A14E-1D7C9FC78B65}.AppStore|iPhoneSimulator.Build.0 = AppStore|iPhoneSimulator
		{BA9E8A76-88DB-4CFA-A14E-1D7C9FC78B65}.AppStore|x64.ActiveCfg = AppStore|iPhone
		{BA9E8A76-88DB-4CFA-A14E-1D7C9FC78B65}.AppStore|x86.ActiveCfg = AppStore|iPhone
		{BA9E8A76-88DB-4CFA-A14E-1D7C9FC78B65}.Debug|Any CPU.ActiveCfg = Debug|iPhone
		{BA9E8A76-88DB-4CFA-A14E-1D7C9FC78B65}.Debug|ARM.ActiveCfg = Debug|iPhone
		{BA9E8A76-88DB-4CFA-A14E-1D7C9FC78B65}.Debug|iPhone.ActiveCfg = Debug|iPhone
		{BA9E8A76-88DB-4CFA-A14E-1D7C9FC78B65}.Debug|iPhone.Build.0 = Debug|iPhone
		{BA9E8A76-88DB-4CFA-A14E-1D7C9FC78B65}.Debug|iPhoneSimulator.ActiveCfg = Debug|iPhoneSimulator
		{BA9E8A76-88DB-4CFA-A14E-1D7C9FC78B65}.Debug|iPhoneSimulator.Build.0 = Debug|iPhoneSimulator
		{BA9E8A76-88DB-4CFA-A14E-1D7C9FC78B65}.Debug|x64.ActiveCfg = Debug|iPhone
		{BA9E8A76-88DB-4CFA-A14E-1D7C9FC78B65}.Debug|x86.ActiveCfg = Debug|iPhone
		{BA9E8A76-88DB-4CFA-A14E-1D7C9FC78B65}.Release|Any CPU.ActiveCfg = Release|iPhone
		{BA9E8A76-88DB-4CFA-A14E-1D7C9FC78B65}.Release|ARM.ActiveCfg = Release|iPhone
		{BA9E8A76-88DB-4CFA-A14E-1D7C9FC78B65}.Release|iPhone.ActiveCfg = Release|iPhone
		{BA9E8A76-88DB-4CFA-A14E-1D7C9FC78B65}.Release|iPhone.Build.0 = Release|iPhone
		{BA9E8A76-88DB-4CFA-A14E-1D7C9FC78B65}.Release|iPhoneSimulator.ActiveCfg = Release|iPhoneSimulator
		{BA9E8A76-88DB-4CFA-A14E-1D7C9FC78B65}.Release|iPhoneSimulator.Build.0 = Release|iPhoneSimulator
		{BA9E8A76-88DB-4CFA-A14E-1D7C9FC78B65}.Release|x64.ActiveCfg = Release|iPhone
		{BA9E8A76-88DB-4CFA-A14E-1D7C9FC78B65}.Release|x86.ActiveCfg = Release|iPhone
		{7DC33B1C-B2A4-4B7F-B8E5-B6CC2AF55F52}.Ad-Hoc|Any CPU.ActiveCfg = Release|Any CPU
		{7DC33B1C-B2A4-4B7F-B8E5-B6CC2AF55F52}.Ad-Hoc|Any CPU.Build.0 = Release|Any CPU
		{7DC33B1C-B2A4-4B7F-B8E5-B6CC2AF55F52}.Ad-Hoc|Any CPU.Deploy.0 = Release|Any CPU
		{7DC33B1C-B2A4-4B7F-B8E5-B6CC2AF55F52}.Ad-Hoc|ARM.ActiveCfg = Release|ARM
		{7DC33B1C-B2A4-4B7F-B8E5-B6CC2AF55F52}.Ad-Hoc|ARM.Build.0 = Release|ARM
		{7DC33B1C-B2A4-4B7F-B8E5-B6CC2AF55F52}.Ad-Hoc|ARM.Deploy.0 = Release|ARM
		{7DC33B1C-B2A4-4B7F-B8E5-B6CC2AF55F52}.Ad-Hoc|iPhone.ActiveCfg = Release|Any CPU
		{7DC33B1C-B2A4-4B7F-B8E5-B6CC2AF55F52}.Ad-Hoc|iPhone.Build.0 = Release|Any CPU
		{7DC33B1C-B2A4-4B7F-B8E5-B6CC2AF55F52}.Ad-Hoc|iPhone.Deploy.0 = Release|Any CPU
		{7DC33B1C-B2A4-4B7F-B8E5-B6CC2AF55F52}.Ad-Hoc|iPhoneSimulator.ActiveCfg = Release|Any CPU
		{7DC33B1C-B2A4-4B7F-B8E5-B6CC2AF55F52}.Ad-Hoc|iPhoneSimulator.Build.0 = Release|Any CPU
		{7DC33B1C-B2A4-4B7F-B8E5-B6CC2AF55F52}.Ad-Hoc|iPhoneSimulator.Deploy.0 = Release|Any CPU
		{7DC33B1C-B2A4-4B7F-B8E5-B6CC2AF55F52}.Ad-Hoc|x64.ActiveCfg = Release|Any CPU
		{7DC33B1C-B2A4-4B7F-B8E5-B6CC2AF55F52}.Ad-Hoc|x64.Build.0 = Release|Any CPU
		{7DC33B1C-B2A4-4B7F-B8E5-B6CC2AF55F52}.Ad-Hoc|x64.Deploy.0 = Release|Any CPU
		{7DC33B1C-B2A4-4B7F-B8E5-B6CC2AF55F52}.Ad-Hoc|x86.ActiveCfg = Release|x86
		{7DC33B1C-B2A4-4B7F-B8E5-B6CC2AF55F52}.Ad-Hoc|x86.Build.0 = Release|x86
		{7DC33B1C-B2A4-4B7F-B8E5-B6CC2AF55F52}.Ad-Hoc|x86.Deploy.0 = Release|x86
		{7DC33B1C-B2A4-4B7F-B8E5-B6CC2AF55F52}.AppStore|Any CPU.ActiveCfg = Release|Any CPU
		{7DC33B1C-B2A4-4B7F-B8E5-B6CC2AF55F52}.AppStore|Any CPU.Build.0 = Release|Any CPU
		{7DC33B1C-B2A4-4B7F-B8E5-B6CC2AF55F52}.AppStore|Any CPU.Deploy.0 = Release|Any CPU
		{7DC33B1C-B2A4-4B7F-B8E5-B6CC2AF55F52}.AppStore|ARM.ActiveCfg = Release|ARM
		{7DC33B1C-B2A4-4B7F-B8E5-B6CC2AF55F52}.AppStore|ARM.Build.0 = Release|ARM
		{7DC33B1C-B2A4-4B7F-B8E5-B6CC2AF55F52}.AppStore|ARM.Deploy.0 = Release|ARM
		{7DC33B1C-B2A4-4B7F-B8E5-B6CC2AF55F52}.AppStore|iPhone.ActiveCfg = Release|Any CPU
		{7DC33B1C-B2A4-4B7F-B8E5-B6CC2AF55F52}.AppStore|iPhone.Build.0 = Release|Any CPU
		{7DC33B1C-B2A4-4B7F-B8E5-B6CC2AF55F52}.AppStore|iPhone.Deploy.0 = Release|Any CPU
		{7DC33B1C-B2A4-4B7F-B8E5-B6CC2AF55F52}.AppStore|iPhoneSimulator.ActiveCfg = Release|Any CPU
		{7DC33B1C-B2A4-4B7F-B8E5-B6CC2AF55F52}.AppStore|iPhoneSimulator.Build.0 = Release|Any CPU
		{7DC33B1C-B2A4-4B7F-B8E5-B6CC2AF55F52}.AppStore|iPhoneSimulator.Deploy.0 = Release|Any CPU
		{7DC33B1C-B2A4-4B7F-B8E5-B6CC2AF55F52}.AppStore|x64.ActiveCfg = Release|Any CPU
		{7DC33B1C-B2A4-4B7F-B8E5-B6CC2AF55F52}.AppStore|x64.Build.0 = Release|Any CPU
		{7DC33B1C-B2A4-4B7F-B8E5-B6CC2AF55F52}.AppStore|x64.Deploy.0 = Release|Any CPU
		{7DC33B1C-B2A4-4B7F-B8E5-B6CC2AF55F52}.AppStore|x86.ActiveCfg = Release|x86
		{7DC33B1C-B2A4-4B7F-B8E5-B6CC2AF55F52}.AppStore|x86.Build.0 = Release|x86
		{7DC33B1C-B2A4-4B7F-B8E5-B6CC2AF55F52}.AppStore|x86.Deploy.0 = Release|x86
		{7DC33B1C-B2A4-4B7F-B8E5-B6CC2AF55F52}.Debug|Any CPU.ActiveCfg = Debug|Any CPU
		{7DC33B1C-B2A4-4B7F-B8E5-B6CC2AF55F52}.Debug|Any CPU.Build.0 = Debug|Any CPU
		{7DC33B1C-B2A4-4B7F-B8E5-B6CC2AF55F52}.Debug|Any CPU.Deploy.0 = Debug|Any CPU
		{7DC33B1C-B2A4-4B7F-B8E5-B6CC2AF55F52}.Debug|ARM.ActiveCfg = Debug|ARM
		{7DC33B1C-B2A4-4B7F-B8E5-B6CC2AF55F52}.Debug|ARM.Build.0 = Debug|ARM
		{7DC33B1C-B2A4-4B7F-B8E5-B6CC2AF55F52}.Debug|ARM.Deploy.0 = Debug|ARM
		{7DC33B1C-B2A4-4B7F-B8E5-B6CC2AF55F52}.Debug|iPhone.ActiveCfg = Debug|Any CPU
		{7DC33B1C-B2A4-4B7F-B8E5-B6CC2AF55F52}.Debug|iPhone.Build.0 = Debug|Any CPU
		{7DC33B1C-B2A4-4B7F-B8E5-B6CC2AF55F52}.Debug|iPhone.Deploy.0 = Debug|Any CPU
		{7DC33B1C-B2A4-4B7F-B8E5-B6CC2AF55F52}.Debug|iPhoneSimulator.ActiveCfg = Debug|Any CPU
		{7DC33B1C-B2A4-4B7F-B8E5-B6CC2AF55F52}.Debug|iPhoneSimulator.Build.0 = Debug|Any CPU
		{7DC33B1C-B2A4-4B7F-B8E5-B6CC2AF55F52}.Debug|iPhoneSimulator.Deploy.0 = Debug|Any CPU
		{7DC33B1C-B2A4-4B7F-B8E5-B6CC2AF55F52}.Debug|x64.ActiveCfg = Debug|Any CPU
		{7DC33B1C-B2A4-4B7F-B8E5-B6CC2AF55F52}.Debug|x64.Build.0 = Debug|Any CPU
		{7DC33B1C-B2A4-4B7F-B8E5-B6CC2AF55F52}.Debug|x64.Deploy.0 = Debug|Any CPU
		{7DC33B1C-B2A4-4B7F-B8E5-B6CC2AF55F52}.Debug|x86.ActiveCfg = Debug|x86
		{7DC33B1C-B2A4-4B7F-B8E5-B6CC2AF55F52}.Debug|x86.Build.0 = Debug|x86
		{7DC33B1C-B2A4-4B7F-B8E5-B6CC2AF55F52}.Debug|x86.Deploy.0 = Debug|x86
		{7DC33B1C-B2A4-4B7F-B8E5-B6CC2AF55F52}.Release|Any CPU.ActiveCfg = Release|Any CPU
		{7DC33B1C-B2A4-4B7F-B8E5-B6CC2AF55F52}.Release|Any CPU.Build.0 = Release|Any CPU
		{7DC33B1C-B2A4-4B7F-B8E5-B6CC2AF55F52}.Release|Any CPU.Deploy.0 = Release|Any CPU
		{7DC33B1C-B2A4-4B7F-B8E5-B6CC2AF55F52}.Release|ARM.ActiveCfg = Release|ARM
		{7DC33B1C-B2A4-4B7F-B8E5-B6CC2AF55F52}.Release|ARM.Build.0 = Release|ARM
		{7DC33B1C-B2A4-4B7F-B8E5-B6CC2AF55F52}.Release|ARM.Deploy.0 = Release|ARM
		{7DC33B1C-B2A4-4B7F-B8E5-B6CC2AF55F52}.Release|iPhone.ActiveCfg = Release|Any CPU
		{7DC33B1C-B2A4-4B7F-B8E5-B6CC2AF55F52}.Release|iPhone.Build.0 = Release|Any CPU
		{7DC33B1C-B2A4-4B7F-B8E5-B6CC2AF55F52}.Release|iPhone.Deploy.0 = Release|Any CPU
		{7DC33B1C-B2A4-4B7F-B8E5-B6CC2AF55F52}.Release|iPhoneSimulator.ActiveCfg = Release|Any CPU
		{7DC33B1C-B2A4-4B7F-B8E5-B6CC2AF55F52}.Release|iPhoneSimulator.Build.0 = Release|Any CPU
		{7DC33B1C-B2A4-4B7F-B8E5-B6CC2AF55F52}.Release|iPhoneSimulator.Deploy.0 = Release|Any CPU
		{7DC33B1C-B2A4-4B7F-B8E5-B6CC2AF55F52}.Release|x64.ActiveCfg = Release|Any CPU
		{7DC33B1C-B2A4-4B7F-B8E5-B6CC2AF55F52}.Release|x64.Build.0 = Release|Any CPU
		{7DC33B1C-B2A4-4B7F-B8E5-B6CC2AF55F52}.Release|x64.Deploy.0 = Release|Any CPU
		{7DC33B1C-B2A4-4B7F-B8E5-B6CC2AF55F52}.Release|x86.ActiveCfg = Release|x86
		{7DC33B1C-B2A4-4B7F-B8E5-B6CC2AF55F52}.Release|x86.Build.0 = Release|x86
		{7DC33B1C-B2A4-4B7F-B8E5-B6CC2AF55F52}.Release|x86.Deploy.0 = Release|x86
		{1C9DA42B-5D64-4686-8DFC-E1B48B4FE851}.Ad-Hoc|Any CPU.ActiveCfg = Release|x86
		{1C9DA42B-5D64-4686-8DFC-E1B48B4FE851}.Ad-Hoc|Any CPU.Build.0 = Release|x86
		{1C9DA42B-5D64-4686-8DFC-E1B48B4FE851}.Ad-Hoc|Any CPU.Deploy.0 = Release|x86
		{1C9DA42B-5D64-4686-8DFC-E1B48B4FE851}.Ad-Hoc|ARM.ActiveCfg = Release|ARM
		{1C9DA42B-5D64-4686-8DFC-E1B48B4FE851}.Ad-Hoc|ARM.Build.0 = Release|ARM
		{1C9DA42B-5D64-4686-8DFC-E1B48B4FE851}.Ad-Hoc|ARM.Deploy.0 = Release|ARM
		{1C9DA42B-5D64-4686-8DFC-E1B48B4FE851}.Ad-Hoc|iPhone.ActiveCfg = Release|x86
		{1C9DA42B-5D64-4686-8DFC-E1B48B4FE851}.Ad-Hoc|iPhone.Build.0 = Release|x86
		{1C9DA42B-5D64-4686-8DFC-E1B48B4FE851}.Ad-Hoc|iPhone.Deploy.0 = Release|x86
		{1C9DA42B-5D64-4686-8DFC-E1B48B4FE851}.Ad-Hoc|iPhoneSimulator.ActiveCfg = Release|x86
		{1C9DA42B-5D64-4686-8DFC-E1B48B4FE851}.Ad-Hoc|iPhoneSimulator.Build.0 = Release|x86
		{1C9DA42B-5D64-4686-8DFC-E1B48B4FE851}.Ad-Hoc|iPhoneSimulator.Deploy.0 = Release|x86
		{1C9DA42B-5D64-4686-8DFC-E1B48B4FE851}.Ad-Hoc|x64.ActiveCfg = Release|x64
		{1C9DA42B-5D64-4686-8DFC-E1B48B4FE851}.Ad-Hoc|x64.Build.0 = Release|x64
		{1C9DA42B-5D64-4686-8DFC-E1B48B4FE851}.Ad-Hoc|x64.Deploy.0 = Release|x64
		{1C9DA42B-5D64-4686-8DFC-E1B48B4FE851}.Ad-Hoc|x86.ActiveCfg = Release|x86
		{1C9DA42B-5D64-4686-8DFC-E1B48B4FE851}.Ad-Hoc|x86.Build.0 = Release|x86
		{1C9DA42B-5D64-4686-8DFC-E1B48B4FE851}.Ad-Hoc|x86.Deploy.0 = Release|x86
		{1C9DA42B-5D64-4686-8DFC-E1B48B4FE851}.AppStore|Any CPU.ActiveCfg = Release|x86
		{1C9DA42B-5D64-4686-8DFC-E1B48B4FE851}.AppStore|Any CPU.Build.0 = Release|x86
		{1C9DA42B-5D64-4686-8DFC-E1B48B4FE851}.AppStore|Any CPU.Deploy.0 = Release|x86
		{1C9DA42B-5D64-4686-8DFC-E1B48B4FE851}.AppStore|ARM.ActiveCfg = Release|ARM
		{1C9DA42B-5D64-4686-8DFC-E1B48B4FE851}.AppStore|ARM.Build.0 = Release|ARM
		{1C9DA42B-5D64-4686-8DFC-E1B48B4FE851}.AppStore|ARM.Deploy.0 = Release|ARM
		{1C9DA42B-5D64-4686-8DFC-E1B48B4FE851}.AppStore|iPhone.ActiveCfg = Release|x86
		{1C9DA42B-5D64-4686-8DFC-E1B48B4FE851}.AppStore|iPhone.Build.0 = Release|x86
		{1C9DA42B-5D64-4686-8DFC-E1B48B4FE851}.AppStore|iPhone.Deploy.0 = Release|x86
		{1C9DA42B-5D64-4686-8DFC-E1B48B4FE851}.AppStore|iPhoneSimulator.ActiveCfg = Release|x86
		{1C9DA42B-5D64-4686-8DFC-E1B48B4FE851}.AppStore|iPhoneSimulator.Build.0 = Release|x86
		{1C9DA42B-5D64-4686-8DFC-E1B48B4FE851}.AppStore|iPhoneSimulator.Deploy.0 = Release|x86
		{1C9DA42B-5D64-4686-8DFC-E1B48B4FE851}.AppStore|x64.ActiveCfg = Release|x64
		{1C9DA42B-5D64-4686-8DFC-E1B48B4FE851}.AppStore|x64.Build.0 = Release|x64
		{1C9DA42B-5D64-4686-8DFC-E1B48B4FE851}.AppStore|x64.Deploy.0 = Release|x64
		{1C9DA42B-5D64-4686-8DFC-E1B48B4FE851}.AppStore|x86.ActiveCfg = Release|x86
		{1C9DA42B-5D64-4686-8DFC-E1B48B4FE851}.AppStore|x86.Build.0 = Release|x86
		{1C9DA42B-5D64-4686-8DFC-E1B48B4FE851}.AppStore|x86.Deploy.0 = Release|x86
		{1C9DA42B-5D64-4686-8DFC-E1B48B4FE851}.Debug|Any CPU.ActiveCfg = Debug|x86
		{1C9DA42B-5D64-4686-8DFC-E1B48B4FE851}.Debug|ARM.ActiveCfg = Debug|ARM
		{1C9DA42B-5D64-4686-8DFC-E1B48B4FE851}.Debug|ARM.Build.0 = Debug|ARM
		{1C9DA42B-5D64-4686-8DFC-E1B48B4FE851}.Debug|ARM.Deploy.0 = Debug|ARM
		{1C9DA42B-5D64-4686-8DFC-E1B48B4FE851}.Debug|iPhone.ActiveCfg = Debug|x86
		{1C9DA42B-5D64-4686-8DFC-E1B48B4FE851}.Debug|iPhoneSimulator.ActiveCfg = Debug|x86
		{1C9DA42B-5D64-4686-8DFC-E1B48B4FE851}.Debug|x64.ActiveCfg = Debug|x64
		{1C9DA42B-5D64-4686-8DFC-E1B48B4FE851}.Debug|x64.Build.0 = Debug|x64
		{1C9DA42B-5D64-4686-8DFC-E1B48B4FE851}.Debug|x64.Deploy.0 = Debug|x64
		{1C9DA42B-5D64-4686-8DFC-E1B48B4FE851}.Debug|x86.ActiveCfg = Debug|x86
		{1C9DA42B-5D64-4686-8DFC-E1B48B4FE851}.Debug|x86.Build.0 = Debug|x86
		{1C9DA42B-5D64-4686-8DFC-E1B48B4FE851}.Debug|x86.Deploy.0 = Debug|x86
		{1C9DA42B-5D64-4686-8DFC-E1B48B4FE851}.Release|Any CPU.ActiveCfg = Release|x86
		{1C9DA42B-5D64-4686-8DFC-E1B48B4FE851}.Release|ARM.ActiveCfg = Release|ARM
		{1C9DA42B-5D64-4686-8DFC-E1B48B4FE851}.Release|ARM.Build.0 = Release|ARM
		{1C9DA42B-5D64-4686-8DFC-E1B48B4FE851}.Release|ARM.Deploy.0 = Release|ARM
		{1C9DA42B-5D64-4686-8DFC-E1B48B4FE851}.Release|iPhone.ActiveCfg = Release|x86
		{1C9DA42B-5D64-4686-8DFC-E1B48B4FE851}.Release|iPhoneSimulator.ActiveCfg = Release|x86
		{1C9DA42B-5D64-4686-8DFC-E1B48B4FE851}.Release|x64.ActiveCfg = Release|x64
		{1C9DA42B-5D64-4686-8DFC-E1B48B4FE851}.Release|x64.Build.0 = Release|x64
		{1C9DA42B-5D64-4686-8DFC-E1B48B4FE851}.Release|x64.Deploy.0 = Release|x64
		{1C9DA42B-5D64-4686-8DFC-E1B48B4FE851}.Release|x86.ActiveCfg = Release|x86
		{1C9DA42B-5D64-4686-8DFC-E1B48B4FE851}.Release|x86.Build.0 = Release|x86
		{1C9DA42B-5D64-4686-8DFC-E1B48B4FE851}.Release|x86.Deploy.0 = Release|x86
		{1F0A30A0-EE40-4EC6-BFDF-7CA96334BE24}.Ad-Hoc|Any CPU.ActiveCfg = Release|Any CPU
		{1F0A30A0-EE40-4EC6-BFDF-7CA96334BE24}.Ad-Hoc|Any CPU.Build.0 = Release|Any CPU
		{1F0A30A0-EE40-4EC6-BFDF-7CA96334BE24}.Ad-Hoc|Any CPU.Deploy.0 = Release|Any CPU
		{1F0A30A0-EE40-4EC6-BFDF-7CA96334BE24}.Ad-Hoc|ARM.ActiveCfg = Release|ARM
		{1F0A30A0-EE40-4EC6-BFDF-7CA96334BE24}.Ad-Hoc|ARM.Build.0 = Release|ARM
		{1F0A30A0-EE40-4EC6-BFDF-7CA96334BE24}.Ad-Hoc|ARM.Deploy.0 = Release|ARM
		{1F0A30A0-EE40-4EC6-BFDF-7CA96334BE24}.Ad-Hoc|iPhone.ActiveCfg = Release|Any CPU
		{1F0A30A0-EE40-4EC6-BFDF-7CA96334BE24}.Ad-Hoc|iPhone.Build.0 = Release|Any CPU
		{1F0A30A0-EE40-4EC6-BFDF-7CA96334BE24}.Ad-Hoc|iPhone.Deploy.0 = Release|Any CPU
		{1F0A30A0-EE40-4EC6-BFDF-7CA96334BE24}.Ad-Hoc|iPhoneSimulator.ActiveCfg = Release|Any CPU
		{1F0A30A0-EE40-4EC6-BFDF-7CA96334BE24}.Ad-Hoc|iPhoneSimulator.Build.0 = Release|Any CPU
		{1F0A30A0-EE40-4EC6-BFDF-7CA96334BE24}.Ad-Hoc|iPhoneSimulator.Deploy.0 = Release|Any CPU
		{1F0A30A0-EE40-4EC6-BFDF-7CA96334BE24}.Ad-Hoc|x64.ActiveCfg = Release|x64
		{1F0A30A0-EE40-4EC6-BFDF-7CA96334BE24}.Ad-Hoc|x64.Build.0 = Release|x64
		{1F0A30A0-EE40-4EC6-BFDF-7CA96334BE24}.Ad-Hoc|x64.Deploy.0 = Release|x64
		{1F0A30A0-EE40-4EC6-BFDF-7CA96334BE24}.Ad-Hoc|x86.ActiveCfg = Release|x86
		{1F0A30A0-EE40-4EC6-BFDF-7CA96334BE24}.Ad-Hoc|x86.Build.0 = Release|x86
		{1F0A30A0-EE40-4EC6-BFDF-7CA96334BE24}.Ad-Hoc|x86.Deploy.0 = Release|x86
		{1F0A30A0-EE40-4EC6-BFDF-7CA96334BE24}.AppStore|Any CPU.ActiveCfg = Release|Any CPU
		{1F0A30A0-EE40-4EC6-BFDF-7CA96334BE24}.AppStore|Any CPU.Build.0 = Release|Any CPU
		{1F0A30A0-EE40-4EC6-BFDF-7CA96334BE24}.AppStore|Any CPU.Deploy.0 = Release|Any CPU
		{1F0A30A0-EE40-4EC6-BFDF-7CA96334BE24}.AppStore|ARM.ActiveCfg = Release|ARM
		{1F0A30A0-EE40-4EC6-BFDF-7CA96334BE24}.AppStore|ARM.Build.0 = Release|ARM
		{1F0A30A0-EE40-4EC6-BFDF-7CA96334BE24}.AppStore|ARM.Deploy.0 = Release|ARM
		{1F0A30A0-EE40-4EC6-BFDF-7CA96334BE24}.AppStore|iPhone.ActiveCfg = Release|Any CPU
		{1F0A30A0-EE40-4EC6-BFDF-7CA96334BE24}.AppStore|iPhone.Build.0 = Release|Any CPU
		{1F0A30A0-EE40-4EC6-BFDF-7CA96334BE24}.AppStore|iPhone.Deploy.0 = Release|Any CPU
		{1F0A30A0-EE40-4EC6-BFDF-7CA96334BE24}.AppStore|iPhoneSimulator.ActiveCfg = Release|Any CPU
		{1F0A30A0-EE40-4EC6-BFDF-7CA96334BE24}.AppStore|iPhoneSimulator.Build.0 = Release|Any CPU
		{1F0A30A0-EE40-4EC6-BFDF-7CA96334BE24}.AppStore|iPhoneSimulator.Deploy.0 = Release|Any CPU
		{1F0A30A0-EE40-4EC6-BFDF-7CA96334BE24}.AppStore|x64.ActiveCfg = Release|x64
		{1F0A30A0-EE40-4EC6-BFDF-7CA96334BE24}.AppStore|x64.Build.0 = Release|x64
		{1F0A30A0-EE40-4EC6-BFDF-7CA96334BE24}.AppStore|x64.Deploy.0 = Release|x64
		{1F0A30A0-EE40-4EC6-BFDF-7CA96334BE24}.AppStore|x86.ActiveCfg = Release|x86
		{1F0A30A0-EE40-4EC6-BFDF-7CA96334BE24}.AppStore|x86.Build.0 = Release|x86
		{1F0A30A0-EE40-4EC6-BFDF-7CA96334BE24}.AppStore|x86.Deploy.0 = Release|x86
		{1F0A30A0-EE40-4EC6-BFDF-7CA96334BE24}.Debug|Any CPU.ActiveCfg = Debug|Any CPU
		{1F0A30A0-EE40-4EC6-BFDF-7CA96334BE24}.Debug|Any CPU.Build.0 = Debug|Any CPU
		{1F0A30A0-EE40-4EC6-BFDF-7CA96334BE24}.Debug|Any CPU.Deploy.0 = Debug|Any CPU
		{1F0A30A0-EE40-4EC6-BFDF-7CA96334BE24}.Debug|ARM.ActiveCfg = Debug|ARM
		{1F0A30A0-EE40-4EC6-BFDF-7CA96334BE24}.Debug|ARM.Build.0 = Debug|ARM
		{1F0A30A0-EE40-4EC6-BFDF-7CA96334BE24}.Debug|ARM.Deploy.0 = Debug|ARM
		{1F0A30A0-EE40-4EC6-BFDF-7CA96334BE24}.Debug|iPhone.ActiveCfg = Debug|Any CPU
		{1F0A30A0-EE40-4EC6-BFDF-7CA96334BE24}.Debug|iPhone.Build.0 = Debug|Any CPU
		{1F0A30A0-EE40-4EC6-BFDF-7CA96334BE24}.Debug|iPhone.Deploy.0 = Debug|Any CPU
		{1F0A30A0-EE40-4EC6-BFDF-7CA96334BE24}.Debug|iPhoneSimulator.ActiveCfg = Debug|Any CPU
		{1F0A30A0-EE40-4EC6-BFDF-7CA96334BE24}.Debug|iPhoneSimulator.Build.0 = Debug|Any CPU
		{1F0A30A0-EE40-4EC6-BFDF-7CA96334BE24}.Debug|iPhoneSimulator.Deploy.0 = Debug|Any CPU
		{1F0A30A0-EE40-4EC6-BFDF-7CA96334BE24}.Debug|x64.ActiveCfg = Debug|x64
		{1F0A30A0-EE40-4EC6-BFDF-7CA96334BE24}.Debug|x64.Build.0 = Debug|x64
		{1F0A30A0-EE40-4EC6-BFDF-7CA96334BE24}.Debug|x64.Deploy.0 = Debug|x64
		{1F0A30A0-EE40-4EC6-BFDF-7CA96334BE24}.Debug|x86.ActiveCfg = Debug|x86
		{1F0A30A0-EE40-4EC6-BFDF-7CA96334BE24}.Debug|x86.Build.0 = Debug|x86
		{1F0A30A0-EE40-4EC6-BFDF-7CA96334BE24}.Debug|x86.Deploy.0 = Debug|x86
		{1F0A30A0-EE40-4EC6-BFDF-7CA96334BE24}.Release|Any CPU.ActiveCfg = Release|Any CPU
		{1F0A30A0-EE40-4EC6-BFDF-7CA96334BE24}.Release|Any CPU.Build.0 = Release|Any CPU
		{1F0A30A0-EE40-4EC6-BFDF-7CA96334BE24}.Release|Any CPU.Deploy.0 = Release|Any CPU
		{1F0A30A0-EE40-4EC6-BFDF-7CA96334BE24}.Release|ARM.ActiveCfg = Release|ARM
		{1F0A30A0-EE40-4EC6-BFDF-7CA96334BE24}.Release|ARM.Build.0 = Release|ARM
		{1F0A30A0-EE40-4EC6-BFDF-7CA96334BE24}.Release|ARM.Deploy.0 = Release|ARM
		{1F0A30A0-EE40-4EC6-BFDF-7CA96334BE24}.Release|iPhone.ActiveCfg = Release|Any CPU
		{1F0A30A0-EE40-4EC6-BFDF-7CA96334BE24}.Release|iPhone.Build.0 = Release|Any CPU
		{1F0A30A0-EE40-4EC6-BFDF-7CA96334BE24}.Release|iPhone.Deploy.0 = Release|Any CPU
		{1F0A30A0-EE40-4EC6-BFDF-7CA96334BE24}.Release|iPhoneSimulator.ActiveCfg = Release|Any CPU
		{1F0A30A0-EE40-4EC6-BFDF-7CA96334BE24}.Release|iPhoneSimulator.Build.0 = Release|Any CPU
		{1F0A30A0-EE40-4EC6-BFDF-7CA96334BE24}.Release|iPhoneSimulator.Deploy.0 = Release|Any CPU
		{1F0A30A0-EE40-4EC6-BFDF-7CA96334BE24}.Release|x64.ActiveCfg = Release|x64
		{1F0A30A0-EE40-4EC6-BFDF-7CA96334BE24}.Release|x64.Build.0 = Release|x64
		{1F0A30A0-EE40-4EC6-BFDF-7CA96334BE24}.Release|x64.Deploy.0 = Release|x64
		{1F0A30A0-EE40-4EC6-BFDF-7CA96334BE24}.Release|x86.ActiveCfg = Release|x86
		{1F0A30A0-EE40-4EC6-BFDF-7CA96334BE24}.Release|x86.Build.0 = Release|x86
		{1F0A30A0-EE40-4EC6-BFDF-7CA96334BE24}.Release|x86.Deploy.0 = Release|x86
		{817AC969-8040-43E7-88C1-215CCFF688A7}.Ad-Hoc|Any CPU.ActiveCfg = Release|Any CPU
		{817AC969-8040-43E7-88C1-215CCFF688A7}.Ad-Hoc|Any CPU.Build.0 = Release|Any CPU
		{817AC969-8040-43E7-88C1-215CCFF688A7}.Ad-Hoc|ARM.ActiveCfg = Release|Any CPU
		{817AC969-8040-43E7-88C1-215CCFF688A7}.Ad-Hoc|ARM.Build.0 = Release|Any CPU
		{817AC969-8040-43E7-88C1-215CCFF688A7}.Ad-Hoc|iPhone.ActiveCfg = Release|Any CPU
		{817AC969-8040-43E7-88C1-215CCFF688A7}.Ad-Hoc|iPhone.Build.0 = Release|Any CPU
		{817AC969-8040-43E7-88C1-215CCFF688A7}.Ad-Hoc|iPhoneSimulator.ActiveCfg = Release|Any CPU
		{817AC969-8040-43E7-88C1-215CCFF688A7}.Ad-Hoc|iPhoneSimulator.Build.0 = Release|Any CPU
		{817AC969-8040-43E7-88C1-215CCFF688A7}.Ad-Hoc|x64.ActiveCfg = Release|Any CPU
		{817AC969-8040-43E7-88C1-215CCFF688A7}.Ad-Hoc|x64.Build.0 = Release|Any CPU
		{817AC969-8040-43E7-88C1-215CCFF688A7}.Ad-Hoc|x86.ActiveCfg = Release|Any CPU
		{817AC969-8040-43E7-88C1-215CCFF688A7}.Ad-Hoc|x86.Build.0 = Release|Any CPU
		{817AC969-8040-43E7-88C1-215CCFF688A7}.AppStore|Any CPU.ActiveCfg = Release|Any CPU
		{817AC969-8040-43E7-88C1-215CCFF688A7}.AppStore|Any CPU.Build.0 = Release|Any CPU
		{817AC969-8040-43E7-88C1-215CCFF688A7}.AppStore|ARM.ActiveCfg = Release|Any CPU
		{817AC969-8040-43E7-88C1-215CCFF688A7}.AppStore|ARM.Build.0 = Release|Any CPU
		{817AC969-8040-43E7-88C1-215CCFF688A7}.AppStore|iPhone.ActiveCfg = Release|Any CPU
		{817AC969-8040-43E7-88C1-215CCFF688A7}.AppStore|iPhone.Build.0 = Release|Any CPU
		{817AC969-8040-43E7-88C1-215CCFF688A7}.AppStore|iPhoneSimulator.ActiveCfg = Release|Any CPU
		{817AC969-8040-43E7-88C1-215CCFF688A7}.AppStore|iPhoneSimulator.Build.0 = Release|Any CPU
		{817AC969-8040-43E7-88C1-215CCFF688A7}.AppStore|x64.ActiveCfg = Release|Any CPU
		{817AC969-8040-43E7-88C1-215CCFF688A7}.AppStore|x64.Build.0 = Release|Any CPU
		{817AC969-8040-43E7-88C1-215CCFF688A7}.AppStore|x86.ActiveCfg = Release|Any CPU
		{817AC969-8040-43E7-88C1-215CCFF688A7}.AppStore|x86.Build.0 = Release|Any CPU
		{817AC969-8040-43E7-88C1-215CCFF688A7}.Debug|Any CPU.ActiveCfg = Debug|Any CPU
		{817AC969-8040-43E7-88C1-215CCFF688A7}.Debug|Any CPU.Build.0 = Debug|Any CPU
		{817AC969-8040-43E7-88C1-215CCFF688A7}.Debug|ARM.ActiveCfg = Debug|Any CPU
		{817AC969-8040-43E7-88C1-215CCFF688A7}.Debug|ARM.Build.0 = Debug|Any CPU
		{817AC969-8040-43E7-88C1-215CCFF688A7}.Debug|iPhone.ActiveCfg = Debug|Any CPU
		{817AC969-8040-43E7-88C1-215CCFF688A7}.Debug|iPhone.Build.0 = Debug|Any CPU
		{817AC969-8040-43E7-88C1-215CCFF688A7}.Debug|iPhoneSimulator.ActiveCfg = Debug|Any CPU
		{817AC969-8040-43E7-88C1-215CCFF688A7}.Debug|iPhoneSimulator.Build.0 = Debug|Any CPU
		{817AC969-8040-43E7-88C1-215CCFF688A7}.Debug|x64.ActiveCfg = Debug|Any CPU
		{817AC969-8040-43E7-88C1-215CCFF688A7}.Debug|x64.Build.0 = Debug|Any CPU
		{817AC969-8040-43E7-88C1-215CCFF688A7}.Debug|x86.ActiveCfg = Debug|Any CPU
		{817AC969-8040-43E7-88C1-215CCFF688A7}.Debug|x86.Build.0 = Debug|Any CPU
		{817AC969-8040-43E7-88C1-215CCFF688A7}.Release|Any CPU.ActiveCfg = Release|Any CPU
		{817AC969-8040-43E7-88C1-215CCFF688A7}.Release|Any CPU.Build.0 = Release|Any CPU
		{817AC969-8040-43E7-88C1-215CCFF688A7}.Release|ARM.ActiveCfg = Release|Any CPU
		{817AC969-8040-43E7-88C1-215CCFF688A7}.Release|ARM.Build.0 = Release|Any CPU
		{817AC969-8040-43E7-88C1-215CCFF688A7}.Release|iPhone.ActiveCfg = Release|Any CPU
		{817AC969-8040-43E7-88C1-215CCFF688A7}.Release|iPhone.Build.0 = Release|Any CPU
		{817AC969-8040-43E7-88C1-215CCFF688A7}.Release|iPhoneSimulator.ActiveCfg = Release|Any CPU
		{817AC969-8040-43E7-88C1-215CCFF688A7}.Release|iPhoneSimulator.Build.0 = Release|Any CPU
		{817AC969-8040-43E7-88C1-215CCFF688A7}.Release|x64.ActiveCfg = Release|Any CPU
		{817AC969-8040-43E7-88C1-215CCFF688A7}.Release|x64.Build.0 = Release|Any CPU
		{817AC969-8040-43E7-88C1-215CCFF688A7}.Release|x86.ActiveCfg = Release|Any CPU
		{817AC969-8040-43E7-88C1-215CCFF688A7}.Release|x86.Build.0 = Release|Any CPU
		{8E252D0C-CA53-47F9-AD4E-C4F7A1DE80D5}.Ad-Hoc|Any CPU.ActiveCfg = Release|Any CPU
		{8E252D0C-CA53-47F9-AD4E-C4F7A1DE80D5}.Ad-Hoc|Any CPU.Build.0 = Release|Any CPU
		{8E252D0C-CA53-47F9-AD4E-C4F7A1DE80D5}.Ad-Hoc|ARM.ActiveCfg = Release|Any CPU
		{8E252D0C-CA53-47F9-AD4E-C4F7A1DE80D5}.Ad-Hoc|ARM.Build.0 = Release|Any CPU
		{8E252D0C-CA53-47F9-AD4E-C4F7A1DE80D5}.Ad-Hoc|iPhone.ActiveCfg = Release|Any CPU
		{8E252D0C-CA53-47F9-AD4E-C4F7A1DE80D5}.Ad-Hoc|iPhone.Build.0 = Release|Any CPU
		{8E252D0C-CA53-47F9-AD4E-C4F7A1DE80D5}.Ad-Hoc|iPhoneSimulator.ActiveCfg = Release|Any CPU
		{8E252D0C-CA53-47F9-AD4E-C4F7A1DE80D5}.Ad-Hoc|iPhoneSimulator.Build.0 = Release|Any CPU
		{8E252D0C-CA53-47F9-AD4E-C4F7A1DE80D5}.Ad-Hoc|x64.ActiveCfg = Release|Any CPU
		{8E252D0C-CA53-47F9-AD4E-C4F7A1DE80D5}.Ad-Hoc|x64.Build.0 = Release|Any CPU
		{8E252D0C-CA53-47F9-AD4E-C4F7A1DE80D5}.Ad-Hoc|x86.ActiveCfg = Release|Any CPU
		{8E252D0C-CA53-47F9-AD4E-C4F7A1DE80D5}.Ad-Hoc|x86.Build.0 = Release|Any CPU
		{8E252D0C-CA53-47F9-AD4E-C4F7A1DE80D5}.AppStore|Any CPU.ActiveCfg = Release|Any CPU
		{8E252D0C-CA53-47F9-AD4E-C4F7A1DE80D5}.AppStore|Any CPU.Build.0 = Release|Any CPU
		{8E252D0C-CA53-47F9-AD4E-C4F7A1DE80D5}.AppStore|ARM.ActiveCfg = Release|Any CPU
		{8E252D0C-CA53-47F9-AD4E-C4F7A1DE80D5}.AppStore|ARM.Build.0 = Release|Any CPU
		{8E252D0C-CA53-47F9-AD4E-C4F7A1DE80D5}.AppStore|iPhone.ActiveCfg = Release|Any CPU
		{8E252D0C-CA53-47F9-AD4E-C4F7A1DE80D5}.AppStore|iPhone.Build.0 = Release|Any CPU
		{8E252D0C-CA53-47F9-AD4E-C4F7A1DE80D5}.AppStore|iPhoneSimulator.ActiveCfg = Release|Any CPU
		{8E252D0C-CA53-47F9-AD4E-C4F7A1DE80D5}.AppStore|iPhoneSimulator.Build.0 = Release|Any CPU
		{8E252D0C-CA53-47F9-AD4E-C4F7A1DE80D5}.AppStore|x64.ActiveCfg = Release|Any CPU
		{8E252D0C-CA53-47F9-AD4E-C4F7A1DE80D5}.AppStore|x64.Build.0 = Release|Any CPU
		{8E252D0C-CA53-47F9-AD4E-C4F7A1DE80D5}.AppStore|x86.ActiveCfg = Release|Any CPU
		{8E252D0C-CA53-47F9-AD4E-C4F7A1DE80D5}.AppStore|x86.Build.0 = Release|Any CPU
		{8E252D0C-CA53-47F9-AD4E-C4F7A1DE80D5}.Debug|Any CPU.ActiveCfg = Debug|Any CPU
		{8E252D0C-CA53-47F9-AD4E-C4F7A1DE80D5}.Debug|Any CPU.Build.0 = Debug|Any CPU
		{8E252D0C-CA53-47F9-AD4E-C4F7A1DE80D5}.Debug|ARM.ActiveCfg = Debug|Any CPU
		{8E252D0C-CA53-47F9-AD4E-C4F7A1DE80D5}.Debug|ARM.Build.0 = Debug|Any CPU
		{8E252D0C-CA53-47F9-AD4E-C4F7A1DE80D5}.Debug|iPhone.ActiveCfg = Debug|Any CPU
		{8E252D0C-CA53-47F9-AD4E-C4F7A1DE80D5}.Debug|iPhone.Build.0 = Debug|Any CPU
		{8E252D0C-CA53-47F9-AD4E-C4F7A1DE80D5}.Debug|iPhoneSimulator.ActiveCfg = Debug|Any CPU
		{8E252D0C-CA53-47F9-AD4E-C4F7A1DE80D5}.Debug|iPhoneSimulator.Build.0 = Debug|Any CPU
		{8E252D0C-CA53-47F9-AD4E-C4F7A1DE80D5}.Debug|x64.ActiveCfg = Debug|Any CPU
		{8E252D0C-CA53-47F9-AD4E-C4F7A1DE80D5}.Debug|x64.Build.0 = Debug|Any CPU
		{8E252D0C-CA53-47F9-AD4E-C4F7A1DE80D5}.Debug|x86.ActiveCfg = Debug|Any CPU
		{8E252D0C-CA53-47F9-AD4E-C4F7A1DE80D5}.Debug|x86.Build.0 = Debug|Any CPU
		{8E252D0C-CA53-47F9-AD4E-C4F7A1DE80D5}.Release|Any CPU.ActiveCfg = Release|Any CPU
		{8E252D0C-CA53-47F9-AD4E-C4F7A1DE80D5}.Release|Any CPU.Build.0 = Release|Any CPU
		{8E252D0C-CA53-47F9-AD4E-C4F7A1DE80D5}.Release|ARM.ActiveCfg = Release|Any CPU
		{8E252D0C-CA53-47F9-AD4E-C4F7A1DE80D5}.Release|ARM.Build.0 = Release|Any CPU
		{8E252D0C-CA53-47F9-AD4E-C4F7A1DE80D5}.Release|iPhone.ActiveCfg = Release|Any CPU
		{8E252D0C-CA53-47F9-AD4E-C4F7A1DE80D5}.Release|iPhone.Build.0 = Release|Any CPU
		{8E252D0C-CA53-47F9-AD4E-C4F7A1DE80D5}.Release|iPhoneSimulator.ActiveCfg = Release|Any CPU
		{8E252D0C-CA53-47F9-AD4E-C4F7A1DE80D5}.Release|iPhoneSimulator.Build.0 = Release|Any CPU
		{8E252D0C-CA53-47F9-AD4E-C4F7A1DE80D5}.Release|x64.ActiveCfg = Release|Any CPU
		{8E252D0C-CA53-47F9-AD4E-C4F7A1DE80D5}.Release|x64.Build.0 = Release|Any CPU
		{8E252D0C-CA53-47F9-AD4E-C4F7A1DE80D5}.Release|x86.ActiveCfg = Release|Any CPU
		{8E252D0C-CA53-47F9-AD4E-C4F7A1DE80D5}.Release|x86.Build.0 = Release|Any CPU
	EndGlobalSection
	GlobalSection(SolutionProperties) = preSolution
		HideSolutionNode = FALSE
	EndGlobalSection
	GlobalSection(NestedProjects) = preSolution
		{18044331-C5FF-4B64-8D11-F2F4127A1D60} = {C78A5087-19C7-46F2-BBD3-C6DF1CC64194}
		{496AE0A8-4275-4DEA-9825-2EEFDCA6C2A1} = {C78A5087-19C7-46F2-BBD3-C6DF1CC64194}
		{BA9E8A76-88DB-4CFA-A14E-1D7C9FC78B65} = {C78A5087-19C7-46F2-BBD3-C6DF1CC64194}
		{7DC33B1C-B2A4-4B7F-B8E5-B6CC2AF55F52} = {C78A5087-19C7-46F2-BBD3-C6DF1CC64194}
		{1C9DA42B-5D64-4686-8DFC-E1B48B4FE851} = {C78A5087-19C7-46F2-BBD3-C6DF1CC64194}
		{1F0A30A0-EE40-4EC6-BFDF-7CA96334BE24} = {C78A5087-19C7-46F2-BBD3-C6DF1CC64194}
		{817AC969-8040-43E7-88C1-215CCFF688A7} = {B5D95564-3EAE-445D-8958-4F3111B99E76}
		{8E252D0C-CA53-47F9-AD4E-C4F7A1DE80D5} = {B5D95564-3EAE-445D-8958-4F3111B99E76}
		{C78A5087-19C7-46F2-BBD3-C6DF1CC64194} = {831DF85E-FFBD-4DF2-980F-FBB7F4398C24}
	EndGlobalSection
EndGlobal
